// !$*UTF8*$!
{
	archiveVersion = 1;
	classes = {
	};
	objectVersion = 56;
	objects = {

/* Begin PBXBuildFile section */
		BE74164829523B6E00F16C54 /* CONTENT_dark.png in Resources */ = {isa = PBXBuildFile; fileRef = BE74164529523B6D00F16C54 /* CONTENT_dark.png */; };
		BE74164929523B6E00F16C54 /* CONTENT_light_extraExtraExtraLarge.png in Resources */ = {isa = PBXBuildFile; fileRef = BE74164629523B6D00F16C54 /* CONTENT_light_extraExtraExtraLarge.png */; };
		BE74164A29523B6E00F16C54 /* CONTENT_light.png in Resources */ = {isa = PBXBuildFile; fileRef = BE74164729523B6E00F16C54 /* CONTENT_light.png */; };
		BE74164E295257B300F16C54 /* ERROR_MESSAGE_light.png in Resources */ = {isa = PBXBuildFile; fileRef = BE74164B295257B300F16C54 /* ERROR_MESSAGE_light.png */; };
		BE74164F295257B300F16C54 /* ERROR_MESSAGE_dark.png in Resources */ = {isa = PBXBuildFile; fileRef = BE74164C295257B300F16C54 /* ERROR_MESSAGE_dark.png */; };
		BE741650295257B300F16C54 /* ERROR_MESSAGE_light_extraExtraExtraLarge.png in Resources */ = {isa = PBXBuildFile; fileRef = BE74164D295257B300F16C54 /* ERROR_MESSAGE_light_extraExtraExtraLarge.png */; };
		BEA9C4A8294E2D0A00F944A6 /* SnapshotTestingApp.swift in Sources */ = {isa = PBXBuildFile; fileRef = BEA9C4A7294E2D0A00F944A6 /* SnapshotTestingApp.swift */; };
		BEA9C4AA294E2D0A00F944A6 /* ContentView.swift in Sources */ = {isa = PBXBuildFile; fileRef = BEA9C4A9294E2D0A00F944A6 /* ContentView.swift */; };
		BEA9C4AC294E2D0C00F944A6 /* Assets.xcassets in Resources */ = {isa = PBXBuildFile; fileRef = BEA9C4AB294E2D0C00F944A6 /* Assets.xcassets */; };
		BEA9C4AF294E2D0C00F944A6 /* Preview Assets.xcassets in Resources */ = {isa = PBXBuildFile; fileRef = BEA9C4AE294E2D0C00F944A6 /* Preview Assets.xcassets */; };
		BEA9C4B9294E2D0C00F944A6 /* SnapshotTestingTests.swift in Sources */ = {isa = PBXBuildFile; fileRef = BEA9C4B8294E2D0C00F944A6 /* SnapshotTestingTests.swift */; };
		BEC3EDB5294E4C96009B77FF /* XCTestCase+Snapshot.swift in Sources */ = {isa = PBXBuildFile; fileRef = BEC3EDB4294E4C96009B77FF /* XCTestCase+Snapshot.swift */; };
		BEC3EDB7294E4CCC009B77FF /* UIViewController+Snapshot.swift in Sources */ = {isa = PBXBuildFile; fileRef = BEC3EDB6294E4CCC009B77FF /* UIViewController+Snapshot.swift */; };
		BEC3EDB9294E53F5009B77FF /* UIImage+TestHelpers.swift in Sources */ = {isa = PBXBuildFile; fileRef = BEC3EDB8294E53F5009B77FF /* UIImage+TestHelpers.swift */; };
		BEC3EDBA294E5436009B77FF /* UIImage+TestHelpers.swift in Sources */ = {isa = PBXBuildFile; fileRef = BEC3EDB8294E53F5009B77FF /* UIImage+TestHelpers.swift */; };
		BEC3EDBC294E558D009B77FF /* CellView.swift in Sources */ = {isa = PBXBuildFile; fileRef = BEC3EDBB294E558D009B77FF /* CellView.swift */; };
/* End PBXBuildFile section */

/* Begin PBXContainerItemProxy section */
		BEA9C4B5294E2D0C00F944A6 /* PBXContainerItemProxy */ = {
			isa = PBXContainerItemProxy;
			containerPortal = BEA9C49C294E2D0A00F944A6 /* Project object */;
			proxyType = 1;
			remoteGlobalIDString = BEA9C4A3294E2D0A00F944A6;
			remoteInfo = SnapshotTesting;
		};
/* End PBXContainerItemProxy section */

/* Begin PBXFileReference section */
		BE74164529523B6D00F16C54 /* CONTENT_dark.png */ = {isa = PBXFileReference; lastKnownFileType = image.png; path = CONTENT_dark.png; sourceTree = "<group>"; };
		BE74164629523B6D00F16C54 /* CONTENT_light_extraExtraExtraLarge.png */ = {isa = PBXFileReference; lastKnownFileType = image.png; path = CONTENT_light_extraExtraExtraLarge.png; sourceTree = "<group>"; };
		BE74164729523B6E00F16C54 /* CONTENT_light.png */ = {isa = PBXFileReference; lastKnownFileType = image.png; path = CONTENT_light.png; sourceTree = "<group>"; };
		BE74164B295257B300F16C54 /* ERROR_MESSAGE_light.png */ = {isa = PBXFileReference; lastKnownFileType = image.png; path = ERROR_MESSAGE_light.png; sourceTree = "<group>"; };
		BE74164C295257B300F16C54 /* ERROR_MESSAGE_dark.png */ = {isa = PBXFileReference; lastKnownFileType = image.png; path = ERROR_MESSAGE_dark.png; sourceTree = "<group>"; };
		BE74164D295257B300F16C54 /* ERROR_MESSAGE_light_extraExtraExtraLarge.png */ = {isa = PBXFileReference; lastKnownFileType = image.png; path = ERROR_MESSAGE_light_extraExtraExtraLarge.png; sourceTree = "<group>"; };
		BEA9C4A4294E2D0A00F944A6 /* SnapshotTesting.app */ = {isa = PBXFileReference; explicitFileType = wrapper.application; includeInIndex = 0; path = SnapshotTesting.app; sourceTree = BUILT_PRODUCTS_DIR; };
		BEA9C4A7294E2D0A00F944A6 /* SnapshotTestingApp.swift */ = {isa = PBXFileReference; lastKnownFileType = sourcecode.swift; path = SnapshotTestingApp.swift; sourceTree = "<group>"; };
		BEA9C4A9294E2D0A00F944A6 /* ContentView.swift */ = {isa = PBXFileReference; lastKnownFileType = sourcecode.swift; path = ContentView.swift; sourceTree = "<group>"; };
		BEA9C4AB294E2D0C00F944A6 /* Assets.xcassets */ = {isa = PBXFileReference; lastKnownFileType = folder.assetcatalog; path = Assets.xcassets; sourceTree = "<group>"; };
		BEA9C4AE294E2D0C00F944A6 /* Preview Assets.xcassets */ = {isa = PBXFileReference; lastKnownFileType = folder.assetcatalog; path = "Preview Assets.xcassets"; sourceTree = "<group>"; };
		BEA9C4B4294E2D0C00F944A6 /* SnapshotTestingTests.xctest */ = {isa = PBXFileReference; explicitFileType = wrapper.cfbundle; includeInIndex = 0; path = SnapshotTestingTests.xctest; sourceTree = BUILT_PRODUCTS_DIR; };
		BEA9C4B8294E2D0C00F944A6 /* SnapshotTestingTests.swift */ = {isa = PBXFileReference; lastKnownFileType = sourcecode.swift; path = SnapshotTestingTests.swift; sourceTree = "<group>"; };
		BEC3EDB4294E4C96009B77FF /* XCTestCase+Snapshot.swift */ = {isa = PBXFileReference; lastKnownFileType = sourcecode.swift; path = "XCTestCase+Snapshot.swift"; sourceTree = "<group>"; };
		BEC3EDB6294E4CCC009B77FF /* UIViewController+Snapshot.swift */ = {isa = PBXFileReference; lastKnownFileType = sourcecode.swift; path = "UIViewController+Snapshot.swift"; sourceTree = "<group>"; };
		BEC3EDB8294E53F5009B77FF /* UIImage+TestHelpers.swift */ = {isa = PBXFileReference; lastKnownFileType = sourcecode.swift; path = "UIImage+TestHelpers.swift"; sourceTree = "<group>"; };
		BEC3EDBB294E558D009B77FF /* CellView.swift */ = {isa = PBXFileReference; lastKnownFileType = sourcecode.swift; path = CellView.swift; sourceTree = "<group>"; };
/* End PBXFileReference section */

/* Begin PBXFrameworksBuildPhase section */
		BEA9C4A1294E2D0A00F944A6 /* Frameworks */ = {
			isa = PBXFrameworksBuildPhase;
			buildActionMask = 2147483647;
			files = (
			);
			runOnlyForDeploymentPostprocessing = 0;
		};
		BEA9C4B1294E2D0C00F944A6 /* Frameworks */ = {
			isa = PBXFrameworksBuildPhase;
			buildActionMask = 2147483647;
			files = (
			);
			runOnlyForDeploymentPostprocessing = 0;
		};
/* End PBXFrameworksBuildPhase section */

/* Begin PBXGroup section */
		BEA9C49B294E2D0A00F944A6 = {
			isa = PBXGroup;
			children = (
				BEA9C4A6294E2D0A00F944A6 /* SnapshotTesting */,
				BEA9C4B7294E2D0C00F944A6 /* SnapshotTestingTests */,
				BEA9C4A5294E2D0A00F944A6 /* Products */,
			);
			sourceTree = "<group>";
		};
		BEA9C4A5294E2D0A00F944A6 /* Products */ = {
			isa = PBXGroup;
			children = (
				BEA9C4A4294E2D0A00F944A6 /* SnapshotTesting.app */,
				BEA9C4B4294E2D0C00F944A6 /* SnapshotTestingTests.xctest */,
			);
			name = Products;
			sourceTree = "<group>";
		};
		BEA9C4A6294E2D0A00F944A6 /* SnapshotTesting */ = {
			isa = PBXGroup;
			children = (
				BEA9C4A7294E2D0A00F944A6 /* SnapshotTestingApp.swift */,
				BEA9C4A9294E2D0A00F944A6 /* ContentView.swift */,
				BEC3EDBB294E558D009B77FF /* CellView.swift */,
				BEA9C4AB294E2D0C00F944A6 /* Assets.xcassets */,
				BEA9C4AD294E2D0C00F944A6 /* Preview Content */,
			);
			path = SnapshotTesting;
			sourceTree = "<group>";
		};
		BEA9C4AD294E2D0C00F944A6 /* Preview Content */ = {
			isa = PBXGroup;
			children = (
				BEA9C4AE294E2D0C00F944A6 /* Preview Assets.xcassets */,
			);
			path = "Preview Content";
			sourceTree = "<group>";
		};
		BEA9C4B7294E2D0C00F944A6 /* SnapshotTestingTests */ = {
			isa = PBXGroup;
			children = (
				BEC3EDB1294E4C54009B77FF /* Helpers */,
				BEC3EDB0294E4C42009B77FF /* snapshots */,
				BEA9C4B8294E2D0C00F944A6 /* SnapshotTestingTests.swift */,
			);
			path = SnapshotTestingTests;
			sourceTree = "<group>";
		};
		BEC3EDB0294E4C42009B77FF /* snapshots */ = {
			isa = PBXGroup;
			children = (
				BE74164529523B6D00F16C54 /* CONTENT_dark.png */,
				BE74164629523B6D00F16C54 /* CONTENT_light_extraExtraExtraLarge.png */,
				BE74164729523B6E00F16C54 /* CONTENT_light.png */,
				BE74164C295257B300F16C54 /* ERROR_MESSAGE_dark.png */,
				BE74164D295257B300F16C54 /* ERROR_MESSAGE_light_extraExtraExtraLarge.png */,
				BE74164B295257B300F16C54 /* ERROR_MESSAGE_light.png */,
			);
			path = snapshots;
			sourceTree = "<group>";
		};
		BEC3EDB1294E4C54009B77FF /* Helpers */ = {
			isa = PBXGroup;
			children = (
				BEC3EDB4294E4C96009B77FF /* XCTestCase+Snapshot.swift */,
				BEC3EDB6294E4CCC009B77FF /* UIViewController+Snapshot.swift */,
				BEC3EDB8294E53F5009B77FF /* UIImage+TestHelpers.swift */,
			);
			path = Helpers;
			sourceTree = "<group>";
		};
/* End PBXGroup section */

/* Begin PBXNativeTarget section */
		BEA9C4A3294E2D0A00F944A6 /* SnapshotTesting */ = {
			isa = PBXNativeTarget;
			buildConfigurationList = BEA9C4C8294E2D0C00F944A6 /* Build configuration list for PBXNativeTarget "SnapshotTesting" */;
			buildPhases = (
				BEA9C4A0294E2D0A00F944A6 /* Sources */,
				BEA9C4A1294E2D0A00F944A6 /* Frameworks */,
				BEA9C4A2294E2D0A00F944A6 /* Resources */,
			);
			buildRules = (
			);
			dependencies = (
			);
			name = SnapshotTesting;
			productName = SnapshotTesting;
			productReference = BEA9C4A4294E2D0A00F944A6 /* SnapshotTesting.app */;
			productType = "com.apple.product-type.application";
		};
		BEA9C4B3294E2D0C00F944A6 /* SnapshotTestingTests */ = {
			isa = PBXNativeTarget;
			buildConfigurationList = BEA9C4CB294E2D0C00F944A6 /* Build configuration list for PBXNativeTarget "SnapshotTestingTests" */;
			buildPhases = (
				BEA9C4B0294E2D0C00F944A6 /* Sources */,
				BEA9C4B1294E2D0C00F944A6 /* Frameworks */,
				BEA9C4B2294E2D0C00F944A6 /* Resources */,
			);
			buildRules = (
			);
			dependencies = (
				BEA9C4B6294E2D0C00F944A6 /* PBXTargetDependency */,
			);
			name = SnapshotTestingTests;
			productName = SnapshotTestingTests;
			productReference = BEA9C4B4294E2D0C00F944A6 /* SnapshotTestingTests.xctest */;
			productType = "com.apple.product-type.bundle.unit-test";
		};
/* End PBXNativeTarget section */

/* Begin PBXProject section */
		BEA9C49C294E2D0A00F944A6 /* Project object */ = {
			isa = PBXProject;
			attributes = {
				BuildIndependentTargetsInParallel = 1;
				LastSwiftUpdateCheck = 1420;
				LastUpgradeCheck = 1420;
				TargetAttributes = {
					BEA9C4A3294E2D0A00F944A6 = {
						CreatedOnToolsVersion = 14.2;
					};
					BEA9C4B3294E2D0C00F944A6 = {
						CreatedOnToolsVersion = 14.2;
						TestTargetID = BEA9C4A3294E2D0A00F944A6;
					};
				};
			};
			buildConfigurationList = BEA9C49F294E2D0A00F944A6 /* Build configuration list for PBXProject "SnapshotTesting" */;
			compatibilityVersion = "Xcode 14.0";
			developmentRegion = en;
			hasScannedForEncodings = 0;
			knownRegions = (
				en,
				Base,
			);
			mainGroup = BEA9C49B294E2D0A00F944A6;
			productRefGroup = BEA9C4A5294E2D0A00F944A6 /* Products */;
			projectDirPath = "";
			projectRoot = "";
			targets = (
				BEA9C4A3294E2D0A00F944A6 /* SnapshotTesting */,
				BEA9C4B3294E2D0C00F944A6 /* SnapshotTestingTests */,
			);
		};
/* End PBXProject section */

/* Begin PBXResourcesBuildPhase section */
		BEA9C4A2294E2D0A00F944A6 /* Resources */ = {
			isa = PBXResourcesBuildPhase;
			buildActionMask = 2147483647;
			files = (
				BEA9C4AF294E2D0C00F944A6 /* Preview Assets.xcassets in Resources */,
				BEA9C4AC294E2D0C00F944A6 /* Assets.xcassets in Resources */,
			);
			runOnlyForDeploymentPostprocessing = 0;
		};
		BEA9C4B2294E2D0C00F944A6 /* Resources */ = {
			isa = PBXResourcesBuildPhase;
			buildActionMask = 2147483647;
			files = (
				BE74164A29523B6E00F16C54 /* CONTENT_light.png in Resources */,
				BE74164829523B6E00F16C54 /* CONTENT_dark.png in Resources */,
				BE74164929523B6E00F16C54 /* CONTENT_light_extraExtraExtraLarge.png in Resources */,
				BE74164E295257B300F16C54 /* ERROR_MESSAGE_light.png in Resources */,
				BE741650295257B300F16C54 /* ERROR_MESSAGE_light_extraExtraExtraLarge.png in Resources */,
				BE74164F295257B300F16C54 /* ERROR_MESSAGE_dark.png in Resources */,
			);
			runOnlyForDeploymentPostprocessing = 0;
		};
/* End PBXResourcesBuildPhase section */

/* Begin PBXSourcesBuildPhase section */
		BEA9C4A0294E2D0A00F944A6 /* Sources */ = {
			isa = PBXSourcesBuildPhase;
			buildActionMask = 2147483647;
			files = (
				BEC3EDBC294E558D009B77FF /* CellView.swift in Sources */,
				BEA9C4AA294E2D0A00F944A6 /* ContentView.swift in Sources */,
				BEA9C4A8294E2D0A00F944A6 /* SnapshotTestingApp.swift in Sources */,
				BEC3EDBA294E5436009B77FF /* UIImage+TestHelpers.swift in Sources */,
			);
			runOnlyForDeploymentPostprocessing = 0;
		};
		BEA9C4B0294E2D0C00F944A6 /* Sources */ = {
			isa = PBXSourcesBuildPhase;
			buildActionMask = 2147483647;
			files = (
				BEC3EDB5294E4C96009B77FF /* XCTestCase+Snapshot.swift in Sources */,
				BEC3EDB7294E4CCC009B77FF /* UIViewController+Snapshot.swift in Sources */,
				BEA9C4B9294E2D0C00F944A6 /* SnapshotTestingTests.swift in Sources */,
				BEC3EDB9294E53F5009B77FF /* UIImage+TestHelpers.swift in Sources */,
			);
			runOnlyForDeploymentPostprocessing = 0;
		};
/* End PBXSourcesBuildPhase section */

/* Begin PBXTargetDependency section */
		BEA9C4B6294E2D0C00F944A6 /* PBXTargetDependency */ = {
			isa = PBXTargetDependency;
			target = BEA9C4A3294E2D0A00F944A6 /* SnapshotTesting */;
			targetProxy = BEA9C4B5294E2D0C00F944A6 /* PBXContainerItemProxy */;
		};
/* End PBXTargetDependency section */

/* Begin XCBuildConfiguration section */
		BEA9C4C6294E2D0C00F944A6 /* Debug */ = {
			isa = XCBuildConfiguration;
			buildSettings = {
				ALWAYS_SEARCH_USER_PATHS = NO;
				CLANG_ANALYZER_NONNULL = YES;
				CLANG_ANALYZER_NUMBER_OBJECT_CONVERSION = YES_AGGRESSIVE;
				CLANG_CXX_LANGUAGE_STANDARD = "gnu++20";
				CLANG_ENABLE_MODULES = YES;
				CLANG_ENABLE_OBJC_ARC = YES;
				CLANG_ENABLE_OBJC_WEAK = YES;
				CLANG_WARN_BLOCK_CAPTURE_AUTORELEASING = YES;
				CLANG_WARN_BOOL_CONVERSION = YES;
				CLANG_WARN_COMMA = YES;
				CLANG_WARN_CONSTANT_CONVERSION = YES;
				CLANG_WARN_DEPRECATED_OBJC_IMPLEMENTATIONS = YES;
				CLANG_WARN_DIRECT_OBJC_ISA_USAGE = YES_ERROR;
				CLANG_WARN_DOCUMENTATION_COMMENTS = YES;
				CLANG_WARN_EMPTY_BODY = YES;
				CLANG_WARN_ENUM_CONVERSION = YES;
				CLANG_WARN_INFINITE_RECURSION = YES;
				CLANG_WARN_INT_CONVERSION = YES;
				CLANG_WARN_NON_LITERAL_NULL_CONVERSION = YES;
				CLANG_WARN_OBJC_IMPLICIT_RETAIN_SELF = YES;
				CLANG_WARN_OBJC_LITERAL_CONVERSION = YES;
				CLANG_WARN_OBJC_ROOT_CLASS = YES_ERROR;
				CLANG_WARN_QUOTED_INCLUDE_IN_FRAMEWORK_HEADER = YES;
				CLANG_WARN_RANGE_LOOP_ANALYSIS = YES;
				CLANG_WARN_STRICT_PROTOTYPES = YES;
				CLANG_WARN_SUSPICIOUS_MOVE = YES;
				CLANG_WARN_UNGUARDED_AVAILABILITY = YES_AGGRESSIVE;
				CLANG_WARN_UNREACHABLE_CODE = YES;
				CLANG_WARN__DUPLICATE_METHOD_MATCH = YES;
				COPY_PHASE_STRIP = NO;
				DEBUG_INFORMATION_FORMAT = dwarf;
				ENABLE_STRICT_OBJC_MSGSEND = YES;
				ENABLE_TESTABILITY = YES;
				GCC_C_LANGUAGE_STANDARD = gnu11;
				GCC_DYNAMIC_NO_PIC = NO;
				GCC_NO_COMMON_BLOCKS = YES;
				GCC_OPTIMIZATION_LEVEL = 0;
				GCC_PREPROCESSOR_DEFINITIONS = (
					"DEBUG=1",
					"$(inherited)",
				);
				GCC_WARN_64_TO_32_BIT_CONVERSION = YES;
				GCC_WARN_ABOUT_RETURN_TYPE = YES_ERROR;
				GCC_WARN_UNDECLARED_SELECTOR = YES;
				GCC_WARN_UNINITIALIZED_AUTOS = YES_AGGRESSIVE;
				GCC_WARN_UNUSED_FUNCTION = YES;
				GCC_WARN_UNUSED_VARIABLE = YES;
				IPHONEOS_DEPLOYMENT_TARGET = 16.2;
				MTL_ENABLE_DEBUG_INFO = INCLUDE_SOURCE;
				MTL_FAST_MATH = YES;
				ONLY_ACTIVE_ARCH = YES;
				SDKROOT = iphoneos;
				SWIFT_ACTIVE_COMPILATION_CONDITIONS = DEBUG;
				SWIFT_OPTIMIZATION_LEVEL = "-Onone";
			};
			name = Debug;
		};
		BEA9C4C7294E2D0C00F944A6 /* Release */ = {
			isa = XCBuildConfiguration;
			buildSettings = {
				ALWAYS_SEARCH_USER_PATHS = NO;
				CLANG_ANALYZER_NONNULL = YES;
				CLANG_ANALYZER_NUMBER_OBJECT_CONVERSION = YES_AGGRESSIVE;
				CLANG_CXX_LANGUAGE_STANDARD = "gnu++20";
				CLANG_ENABLE_MODULES = YES;
				CLANG_ENABLE_OBJC_ARC = YES;
				CLANG_ENABLE_OBJC_WEAK = YES;
				CLANG_WARN_BLOCK_CAPTURE_AUTORELEASING = YES;
				CLANG_WARN_BOOL_CONVERSION = YES;
				CLANG_WARN_COMMA = YES;
				CLANG_WARN_CONSTANT_CONVERSION = YES;
				CLANG_WARN_DEPRECATED_OBJC_IMPLEMENTATIONS = YES;
				CLANG_WARN_DIRECT_OBJC_ISA_USAGE = YES_ERROR;
				CLANG_WARN_DOCUMENTATION_COMMENTS = YES;
				CLANG_WARN_EMPTY_BODY = YES;
				CLANG_WARN_ENUM_CONVERSION = YES;
				CLANG_WARN_INFINITE_RECURSION = YES;
				CLANG_WARN_INT_CONVERSION = YES;
				CLANG_WARN_NON_LITERAL_NULL_CONVERSION = YES;
				CLANG_WARN_OBJC_IMPLICIT_RETAIN_SELF = YES;
				CLANG_WARN_OBJC_LITERAL_CONVERSION = YES;
				CLANG_WARN_OBJC_ROOT_CLASS = YES_ERROR;
				CLANG_WARN_QUOTED_INCLUDE_IN_FRAMEWORK_HEADER = YES;
				CLANG_WARN_RANGE_LOOP_ANALYSIS = YES;
				CLANG_WARN_STRICT_PROTOTYPES = YES;
				CLANG_WARN_SUSPICIOUS_MOVE = YES;
				CLANG_WARN_UNGUARDED_AVAILABILITY = YES_AGGRESSIVE;
				CLANG_WARN_UNREACHABLE_CODE = YES;
				CLANG_WARN__DUPLICATE_METHOD_MATCH = YES;
				COPY_PHASE_STRIP = NO;
				DEBUG_INFORMATION_FORMAT = "dwarf-with-dsym";
				ENABLE_NS_ASSERTIONS = NO;
				ENABLE_STRICT_OBJC_MSGSEND = YES;
				GCC_C_LANGUAGE_STANDARD = gnu11;
				GCC_NO_COMMON_BLOCKS = YES;
				GCC_WARN_64_TO_32_BIT_CONVERSION = YES;
				GCC_WARN_ABOUT_RETURN_TYPE = YES_ERROR;
				GCC_WARN_UNDECLARED_SELECTOR = YES;
				GCC_WARN_UNINITIALIZED_AUTOS = YES_AGGRESSIVE;
				GCC_WARN_UNUSED_FUNCTION = YES;
				GCC_WARN_UNUSED_VARIABLE = YES;
				IPHONEOS_DEPLOYMENT_TARGET = 16.2;
				MTL_ENABLE_DEBUG_INFO = NO;
				MTL_FAST_MATH = YES;
				SDKROOT = iphoneos;
				SWIFT_COMPILATION_MODE = wholemodule;
				SWIFT_OPTIMIZATION_LEVEL = "-O";
				VALIDATE_PRODUCT = YES;
			};
			name = Release;
		};
		BEA9C4C9294E2D0C00F944A6 /* Debug */ = {
			isa = XCBuildConfiguration;
			buildSettings = {
				ASSETCATALOG_COMPILER_APPICON_NAME = AppIcon;
				ASSETCATALOG_COMPILER_GLOBAL_ACCENT_COLOR_NAME = AccentColor;
				CODE_SIGN_STYLE = Automatic;
				CURRENT_PROJECT_VERSION = 1;
				DEVELOPMENT_ASSET_PATHS = "\"SnapshotTesting/Preview Content\"";
				DEVELOPMENT_TEAM = 77QB78PHPH;
				ENABLE_PREVIEWS = YES;
				GENERATE_INFOPLIST_FILE = YES;
				INFOPLIST_KEY_UIApplicationSceneManifest_Generation = YES;
				INFOPLIST_KEY_UIApplicationSupportsIndirectInputEvents = YES;
				INFOPLIST_KEY_UILaunchScreen_Generation = YES;
				INFOPLIST_KEY_UISupportedInterfaceOrientations_iPad = "UIInterfaceOrientationPortrait UIInterfaceOrientationPortraitUpsideDown UIInterfaceOrientationLandscapeLeft UIInterfaceOrientationLandscapeRight";
				INFOPLIST_KEY_UISupportedInterfaceOrientations_iPhone = "UIInterfaceOrientationPortrait UIInterfaceOrientationLandscapeLeft UIInterfaceOrientationLandscapeRight";
				LD_RUNPATH_SEARCH_PATHS = (
					"$(inherited)",
					"@executable_path/Frameworks",
				);
				MARKETING_VERSION = 1.0;
				PRODUCT_BUNDLE_IDENTIFIER = learn.SnapshotTesting;
				PRODUCT_NAME = "$(TARGET_NAME)";
				SWIFT_EMIT_LOC_STRINGS = YES;
				SWIFT_VERSION = 5.0;
				TARGETED_DEVICE_FAMILY = "1,2";
			};
			name = Debug;
		};
		BEA9C4CA294E2D0C00F944A6 /* Release */ = {
			isa = XCBuildConfiguration;
			buildSettings = {
				ASSETCATALOG_COMPILER_APPICON_NAME = AppIcon;
				ASSETCATALOG_COMPILER_GLOBAL_ACCENT_COLOR_NAME = AccentColor;
				CODE_SIGN_STYLE = Automatic;
				CURRENT_PROJECT_VERSION = 1;
				DEVELOPMENT_ASSET_PATHS = "\"SnapshotTesting/Preview Content\"";
				DEVELOPMENT_TEAM = 77QB78PHPH;
				ENABLE_PREVIEWS = YES;
				GENERATE_INFOPLIST_FILE = YES;
				INFOPLIST_KEY_UIApplicationSceneManifest_Generation = YES;
				INFOPLIST_KEY_UIApplicationSupportsIndirectInputEvents = YES;
				INFOPLIST_KEY_UILaunchScreen_Generation = YES;
				INFOPLIST_KEY_UISupportedInterfaceOrientations_iPad = "UIInterfaceOrientationPortrait UIInterfaceOrientationPortraitUpsideDown UIInterfaceOrientationLandscapeLeft UIInterfaceOrientationLandscapeRight";
				INFOPLIST_KEY_UISupportedInterfaceOrientations_iPhone = "UIInterfaceOrientationPortrait UIInterfaceOrientationLandscapeLeft UIInterfaceOrientationLandscapeRight";
				LD_RUNPATH_SEARCH_PATHS = (
					"$(inherited)",
					"@executable_path/Frameworks",
				);
				MARKETING_VERSION = 1.0;
				PRODUCT_BUNDLE_IDENTIFIER = learn.SnapshotTesting;
				PRODUCT_NAME = "$(TARGET_NAME)";
				SWIFT_EMIT_LOC_STRINGS = YES;
				SWIFT_VERSION = 5.0;
				TARGETED_DEVICE_FAMILY = "1,2";
			};
			name = Release;
		};
		BEA9C4CC294E2D0C00F944A6 /* Debug */ = {
			isa = XCBuildConfiguration;
			buildSettings = {
				ALWAYS_EMBED_SWIFT_STANDARD_LIBRARIES = YES;
				BUNDLE_LOADER = "$(TEST_HOST)";
				CODE_SIGN_STYLE = Automatic;
				CURRENT_PROJECT_VERSION = 1;
				DEVELOPMENT_TEAM = 77QB78PHPH;
				GENERATE_INFOPLIST_FILE = YES;
				IPHONEOS_DEPLOYMENT_TARGET = 16.2;
				MARKETING_VERSION = 1.0;
				PRODUCT_BUNDLE_IDENTIFIER = learn.SnapshotTestingTests;
				PRODUCT_NAME = "$(TARGET_NAME)";
				SWIFT_EMIT_LOC_STRINGS = NO;
				SWIFT_VERSION = 5.0;
				TARGETED_DEVICE_FAMILY = "1,2";
				TEST_HOST = "$(BUILT_PRODUCTS_DIR)/SnapshotTesting.app/$(BUNDLE_EXECUTABLE_FOLDER_PATH)/SnapshotTesting";
			};
			name = Debug;
		};
		BEA9C4CD294E2D0C00F944A6 /* Release */ = {
			isa = XCBuildConfiguration;
			buildSettings = {
				ALWAYS_EMBED_SWIFT_STANDARD_LIBRARIES = YES;
				BUNDLE_LOADER = "$(TEST_HOST)";
				CODE_SIGN_STYLE = Automatic;
				CURRENT_PROJECT_VERSION = 1;
				DEVELOPMENT_TEAM = 77QB78PHPH;
				GENERATE_INFOPLIST_FILE = YES;
				IPHONEOS_DEPLOYMENT_TARGET = 16.2;
				MARKETING_VERSION = 1.0;
				PRODUCT_BUNDLE_IDENTIFIER = learn.SnapshotTestingTests;
				PRODUCT_NAME = "$(TARGET_NAME)";
				SWIFT_EMIT_LOC_STRINGS = NO;
				SWIFT_VERSION = 5.0;
				TARGETED_DEVICE_FAMILY = "1,2";
				TEST_HOST = "$(BUILT_PRODUCTS_DIR)/SnapshotTesting.app/$(BUNDLE_EXECUTABLE_FOLDER_PATH)/SnapshotTesting";
			};
			name = Release;
		};
/* End XCBuildConfiguration section */

/* Begin XCConfigurationList section */
		BEA9C49F294E2D0A00F944A6 /* Build configuration list for PBXProject "SnapshotTesting" */ = {
			isa = XCConfigurationList;
			buildConfigurations = (
				BEA9C4C6294E2D0C00F944A6 /* Debug */,
				BEA9C4C7294E2D0C00F944A6 /* Release */,
			);
			defaultConfigurationIsVisible = 0;
			defaultConfigurationName = Release;
		};
		BEA9C4C8294E2D0C00F944A6 /* Build configuration list for PBXNativeTarget "SnapshotTesting" */ = {
			isa = XCConfigurationList;
			buildConfigurations = (
				BEA9C4C9294E2D0C00F944A6 /* Debug */,
				BEA9C4CA294E2D0C00F944A6 /* Release */,
			);
			defaultConfigurationIsVisible = 0;
			defaultConfigurationName = Release;
		};
		BEA9C4CB294E2D0C00F944A6 /* Build configuration list for PBXNativeTarget "SnapshotTestingTests" */ = {
			isa = XCConfigurationList;
			buildConfigurations = (
				BEA9C4CC294E2D0C00F944A6 /* Debug */,
				BEA9C4CD294E2D0C00F944A6 /* Release */,
			);
			defaultConfigurationIsVisible = 0;
			defaultConfigurationName = Release;
		};
/* End XCConfigurationList section */
	};
	rootObject = BEA9C49C294E2D0A00F944A6 /* Project object */;
}
